PODS:
  - Alamofire (5.4.3)
  - AlamofireNetworkActivityIndicator (3.1.0):
    - Alamofire (~> 5.1)
  - PanModal (1.2.7)
  - SnapKit (5.0.1)

DEPENDENCIES:
  - Alamofire
  - AlamofireNetworkActivityIndicator
  - PanModal
  - SnapKit

SPEC REPOS:
  trunk:
    - Alamofire
    - AlamofireNetworkActivityIndicator
    - PanModal
    - SnapKit

SPEC CHECKSUMS:
  Alamofire: e447a2774a40c996748296fa2c55112fdbbc42f9
  AlamofireNetworkActivityIndicator: 6564782bd7b9e6c430ae67d9277af01907b01ca4
  PanModal: 3e16ead1a907fb06f4df3f13492fd00149fa4974
  SnapKit: 97b92857e3df3a0c71833cce143274bf6ef8e5eb

PODFILE CHECKSUM: b56bb5fbd03bae1f3c1003e45dd6e4561ea2a45f

COCOAPODS: 1.10.1
